// !$*UTF8*$!
{
	archiveVersion = 1;
	classes = {
	};
	objectVersion = 50;
	objects = {

/* Begin PBXBuildFile section */
		9A013D7823EB4AC800B0C42C /* AppDelegate.swift in Sources */ = {isa = PBXBuildFile; fileRef = 9A013D7723EB4AC800B0C42C /* AppDelegate.swift */; };
		9A013D7A23EB4AC800B0C42C /* SceneDelegate.swift in Sources */ = {isa = PBXBuildFile; fileRef = 9A013D7923EB4AC800B0C42C /* SceneDelegate.swift */; };
		9A013D7C23EB4AC800B0C42C /* ContentView.swift in Sources */ = {isa = PBXBuildFile; fileRef = 9A013D7B23EB4AC800B0C42C /* ContentView.swift */; };
		9A013D7E23EB4AC900B0C42C /* Assets.xcassets in Resources */ = {isa = PBXBuildFile; fileRef = 9A013D7D23EB4AC900B0C42C /* Assets.xcassets */; };
		9A013D8123EB4ACA00B0C42C /* Preview Assets.xcassets in Resources */ = {isa = PBXBuildFile; fileRef = 9A013D8023EB4ACA00B0C42C /* Preview Assets.xcassets */; };
		9A013D8423EB4ACA00B0C42C /* LaunchScreen.storyboard in Resources */ = {isa = PBXBuildFile; fileRef = 9A013D8223EB4ACA00B0C42C /* LaunchScreen.storyboard */; };
		9A013D8F23EB4ACA00B0C42C /* WeSplitTests.swift in Sources */ = {isa = PBXBuildFile; fileRef = 9A013D8E23EB4ACA00B0C42C /* WeSplitTests.swift */; };
		9A013D9A23EB4ACA00B0C42C /* WeSplitUITests.swift in Sources */ = {isa = PBXBuildFile; fileRef = 9A013D9923EB4ACA00B0C42C /* WeSplitUITests.swift */; };
/* End PBXBuildFile section */

/* Begin PBXContainerItemProxy section */
		9A013D8B23EB4ACA00B0C42C /* PBXContainerItemProxy */ = {
			isa = PBXContainerItemProxy;
			containerPortal = 9A013D6C23EB4AC800B0C42C /* Project object */;
			proxyType = 1;
			remoteGlobalIDString = 9A013D7323EB4AC800B0C42C;
			remoteInfo = WeSplit;
		};
		9A013D9623EB4ACA00B0C42C /* PBXContainerItemProxy */ = {
			isa = PBXContainerItemProxy;
			containerPortal = 9A013D6C23EB4AC800B0C42C /* Project object */;
			proxyType = 1;
			remoteGlobalIDString = 9A013D7323EB4AC800B0C42C;
			remoteInfo = WeSplit;
		};
/* End PBXContainerItemProxy section */

/* Begin PBXFileReference section */
		9A013D7423EB4AC800B0C42C /* WeSplit.app */ = {isa = PBXFileReference; explicitFileType = wrapper.application; includeInIndex = 0; path = WeSplit.app; sourceTree = BUILT_PRODUCTS_DIR; };
		9A013D7723EB4AC800B0C42C /* AppDelegate.swift */ = {isa = PBXFileReference; lastKnownFileType = sourcecode.swift; path = AppDelegate.swift; sourceTree = "<group>"; };
		9A013D7923EB4AC800B0C42C /* SceneDelegate.swift */ = {isa = PBXFileReference; lastKnownFileType = sourcecode.swift; path = SceneDelegate.swift; sourceTree = "<group>"; };
		9A013D7B23EB4AC800B0C42C /* ContentView.swift */ = {isa = PBXFileReference; lastKnownFileType = sourcecode.swift; path = ContentView.swift; sourceTree = "<group>"; };
		9A013D7D23EB4AC900B0C42C /* Assets.xcassets */ = {isa = PBXFileReference; lastKnownFileType = folder.assetcatalog; path = Assets.xcassets; sourceTree = "<group>"; };
		9A013D8023EB4ACA00B0C42C /* Preview Assets.xcassets */ = {isa = PBXFileReference; lastKnownFileType = folder.assetcatalog; path = "Preview Assets.xcassets"; sourceTree = "<group>"; };
		9A013D8323EB4ACA00B0C42C /* Base */ = {isa = PBXFileReference; lastKnownFileType = file.storyboard; name = Base; path = Base.lproj/LaunchScreen.storyboard; sourceTree = "<group>"; };
		9A013D8523EB4ACA00B0C42C /* Info.plist */ = {isa = PBXFileReference; lastKnownFileType = text.plist.xml; path = Info.plist; sourceTree = "<group>"; };
		9A013D8A23EB4ACA00B0C42C /* WeSplitTests.xctest */ = {isa = PBXFileReference; explicitFileType = wrapper.cfbundle; includeInIndex = 0; path = WeSplitTests.xctest; sourceTree = BUILT_PRODUCTS_DIR; };
		9A013D8E23EB4ACA00B0C42C /* WeSplitTests.swift */ = {isa = PBXFileReference; lastKnownFileType = sourcecode.swift; path = WeSplitTests.swift; sourceTree = "<group>"; };
		9A013D9023EB4ACA00B0C42C /* Info.plist */ = {isa = PBXFileReference; lastKnownFileType = text.plist.xml; path = Info.plist; sourceTree = "<group>"; };
		9A013D9523EB4ACA00B0C42C /* WeSplitUITests.xctest */ = {isa = PBXFileReference; explicitFileType = wrapper.cfbundle; includeInIndex = 0; path = WeSplitUITests.xctest; sourceTree = BUILT_PRODUCTS_DIR; };
		9A013D9923EB4ACA00B0C42C /* WeSplitUITests.swift */ = {isa = PBXFileReference; lastKnownFileType = sourcecode.swift; path = WeSplitUITests.swift; sourceTree = "<group>"; };
		9A013D9B23EB4ACA00B0C42C /* Info.plist */ = {isa = PBXFileReference; lastKnownFileType = text.plist.xml; path = Info.plist; sourceTree = "<group>"; };
/* End PBXFileReference section */

/* Begin PBXFrameworksBuildPhase section */
		9A013D7123EB4AC800B0C42C /* Frameworks */ = {
			isa = PBXFrameworksBuildPhase;
			buildActionMask = 2147483647;
			files = (
			);
			runOnlyForDeploymentPostprocessing = 0;
		};
		9A013D8723EB4ACA00B0C42C /* Frameworks */ = {
			isa = PBXFrameworksBuildPhase;
			buildActionMask = 2147483647;
			files = (
			);
			runOnlyForDeploymentPostprocessing = 0;
		};
		9A013D9223EB4ACA00B0C42C /* Frameworks */ = {
			isa = PBXFrameworksBuildPhase;
			buildActionMask = 2147483647;
			files = (
			);
			runOnlyForDeploymentPostprocessing = 0;
		};
/* End PBXFrameworksBuildPhase section */

/* Begin PBXGroup section */
		9A013D6B23EB4AC800B0C42C = {
			isa = PBXGroup;
			children = (
				9A013D7623EB4AC800B0C42C /* WeSplit */,
				9A013D8D23EB4ACA00B0C42C /* WeSplitTests */,
				9A013D9823EB4ACA00B0C42C /* WeSplitUITests */,
				9A013D7523EB4AC800B0C42C /* Products */,
			);
			sourceTree = "<group>";
		};
		9A013D7523EB4AC800B0C42C /* Products */ = {
			isa = PBXGroup;
			children = (
				9A013D7423EB4AC800B0C42C /* WeSplit.app */,
				9A013D8A23EB4ACA00B0C42C /* WeSplitTests.xctest */,
				9A013D9523EB4ACA00B0C42C /* WeSplitUITests.xctest */,
			);
			name = Products;
			sourceTree = "<group>";
		};
		9A013D7623EB4AC800B0C42C /* WeSplit */ = {
			isa = PBXGroup;
			children = (
				9A013D7723EB4AC800B0C42C /* AppDelegate.swift */,
				9A013D7923EB4AC800B0C42C /* SceneDelegate.swift */,
				9A013D7B23EB4AC800B0C42C /* ContentView.swift */,
				9A013D7D23EB4AC900B0C42C /* Assets.xcassets */,
				9A013D8223EB4ACA00B0C42C /* LaunchScreen.storyboard */,
				9A013D8523EB4ACA00B0C42C /* Info.plist */,
				9A013D7F23EB4ACA00B0C42C /* Preview Content */,
			);
			path = WeSplit;
			sourceTree = "<group>";
		};
		9A013D7F23EB4ACA00B0C42C /* Preview Content */ = {
			isa = PBXGroup;
			children = (
				9A013D8023EB4ACA00B0C42C /* Preview Assets.xcassets */,
			);
			path = "Preview Content";
			sourceTree = "<group>";
		};
		9A013D8D23EB4ACA00B0C42C /* WeSplitTests */ = {
			isa = PBXGroup;
			children = (
				9A013D8E23EB4ACA00B0C42C /* WeSplitTests.swift */,
				9A013D9023EB4ACA00B0C42C /* Info.plist */,
			);
			path = WeSplitTests;
			sourceTree = "<group>";
		};
		9A013D9823EB4ACA00B0C42C /* WeSplitUITests */ = {
			isa = PBXGroup;
			children = (
				9A013D9923EB4ACA00B0C42C /* WeSplitUITests.swift */,
				9A013D9B23EB4ACA00B0C42C /* Info.plist */,
			);
			path = WeSplitUITests;
			sourceTree = "<group>";
		};
/* End PBXGroup section */

/* Begin PBXNativeTarget section */
		9A013D7323EB4AC800B0C42C /* WeSplit */ = {
			isa = PBXNativeTarget;
			buildConfigurationList = 9A013D9E23EB4ACA00B0C42C /* Build configuration list for PBXNativeTarget "WeSplit" */;
			buildPhases = (
				9A013D7023EB4AC800B0C42C /* Sources */,
				9A013D7123EB4AC800B0C42C /* Frameworks */,
				9A013D7223EB4AC800B0C42C /* Resources */,
			);
			buildRules = (
			);
			dependencies = (
			);
			name = WeSplit;
			productName = WeSplit;
			productReference = 9A013D7423EB4AC800B0C42C /* WeSplit.app */;
			productType = "com.apple.product-type.application";
		};
		9A013D8923EB4ACA00B0C42C /* WeSplitTests */ = {
			isa = PBXNativeTarget;
			buildConfigurationList = 9A013DA123EB4ACA00B0C42C /* Build configuration list for PBXNativeTarget "WeSplitTests" */;
			buildPhases = (
				9A013D8623EB4ACA00B0C42C /* Sources */,
				9A013D8723EB4ACA00B0C42C /* Frameworks */,
				9A013D8823EB4ACA00B0C42C /* Resources */,
			);
			buildRules = (
			);
			dependencies = (
				9A013D8C23EB4ACA00B0C42C /* PBXTargetDependency */,
			);
			name = WeSplitTests;
			productName = WeSplitTests;
			productReference = 9A013D8A23EB4ACA00B0C42C /* WeSplitTests.xctest */;
			productType = "com.apple.product-type.bundle.unit-test";
		};
		9A013D9423EB4ACA00B0C42C /* WeSplitUITests */ = {
			isa = PBXNativeTarget;
			buildConfigurationList = 9A013DA423EB4ACA00B0C42C /* Build configuration list for PBXNativeTarget "WeSplitUITests" */;
			buildPhases = (
				9A013D9123EB4ACA00B0C42C /* Sources */,
				9A013D9223EB4ACA00B0C42C /* Frameworks */,
				9A013D9323EB4ACA00B0C42C /* Resources */,
			);
			buildRules = (
			);
			dependencies = (
				9A013D9723EB4ACA00B0C42C /* PBXTargetDependency */,
			);
			name = WeSplitUITests;
			productName = WeSplitUITests;
			productReference = 9A013D9523EB4ACA00B0C42C /* WeSplitUITests.xctest */;
			productType = "com.apple.product-type.bundle.ui-testing";
		};
/* End PBXNativeTarget section */

/* Begin PBXProject section */
		9A013D6C23EB4AC800B0C42C /* Project object */ = {
			isa = PBXProject;
			attributes = {
				LastSwiftUpdateCheck = 1130;
				LastUpgradeCheck = 1130;
				ORGANIZATIONNAME = "Crittenden, Rey ";
				TargetAttributes = {
					9A013D7323EB4AC800B0C42C = {
						CreatedOnToolsVersion = 11.3.1;
					};
					9A013D8923EB4ACA00B0C42C = {
						CreatedOnToolsVersion = 11.3.1;
						TestTargetID = 9A013D7323EB4AC800B0C42C;
					};
					9A013D9423EB4ACA00B0C42C = {
						CreatedOnToolsVersion = 11.3.1;
						TestTargetID = 9A013D7323EB4AC800B0C42C;
					};
				};
			};
			buildConfigurationList = 9A013D6F23EB4AC800B0C42C /* Build configuration list for PBXProject "WeSplit" */;
			compatibilityVersion = "Xcode 9.3";
			developmentRegion = en;
			hasScannedForEncodings = 0;
			knownRegions = (
				en,
				Base,
			);
			mainGroup = 9A013D6B23EB4AC800B0C42C;
			productRefGroup = 9A013D7523EB4AC800B0C42C /* Products */;
			projectDirPath = "";
			projectRoot = "";
			targets = (
				9A013D7323EB4AC800B0C42C /* WeSplit */,
				9A013D8923EB4ACA00B0C42C /* WeSplitTests */,
				9A013D9423EB4ACA00B0C42C /* WeSplitUITests */,
			);
		};
/* End PBXProject section */

/* Begin PBXResourcesBuildPhase section */
		9A013D7223EB4AC800B0C42C /* Resources */ = {
			isa = PBXResourcesBuildPhase;
			buildActionMask = 2147483647;
			files = (
				9A013D8423EB4ACA00B0C42C /* LaunchScreen.storyboard in Resources */,
				9A013D8123EB4ACA00B0C42C /* Preview Assets.xcassets in Resources */,
				9A013D7E23EB4AC900B0C42C /* Assets.xcassets in Resources */,
			);
			runOnlyForDeploymentPostprocessing = 0;
		};
		9A013D8823EB4ACA00B0C42C /* Resources */ = {
			isa = PBXResourcesBuildPhase;
			buildActionMask = 2147483647;
			files = (
			);
			runOnlyForDeploymentPostprocessing = 0;
		};
		9A013D9323EB4ACA00B0C42C /* Resources */ = {
			isa = PBXResourcesBuildPhase;
			buildActionMask = 2147483647;
			files = (
			);
			runOnlyForDeploymentPostprocessing = 0;
		};
/* End PBXResourcesBuildPhase section */

/* Begin PBXSourcesBuildPhase section */
		9A013D7023EB4AC800B0C42C /* Sources */ = {
			isa = PBXSourcesBuildPhase;
			buildActionMask = 2147483647;
			files = (
				9A013D7823EB4AC800B0C42C /* AppDelegate.swift in Sources */,
				9A013D7A23EB4AC800B0C42C /* SceneDelegate.swift in Sources */,
				9A013D7C23EB4AC800B0C42C /* ContentView.swift in Sources */,
			);
			runOnlyForDeploymentPostprocessing = 0;
		};
		9A013D8623EB4ACA00B0C42C /* Sources */ = {
			isa = PBXSourcesBuildPhase;
			buildActionMask = 2147483647;
			files = (
				9A013D8F23EB4ACA00B0C42C /* WeSplitTests.swift in Sources */,
			);
			runOnlyForDeploymentPostprocessing = 0;
		};
		9A013D9123EB4ACA00B0C42C /* Sources */ = {
			isa = PBXSourcesBuildPhase;
			buildActionMask = 2147483647;
			files = (
				9A013D9A23EB4ACA00B0C42C /* WeSplitUITests.swift in Sources */,
			);
			runOnlyForDeploymentPostprocessing = 0;
		};
/* End PBXSourcesBuildPhase section */

/* Begin PBXTargetDependency section */
		9A013D8C23EB4ACA00B0C42C /* PBXTargetDependency */ = {
			isa = PBXTargetDependency;
			target = 9A013D7323EB4AC800B0C42C /* WeSplit */;
			targetProxy = 9A013D8B23EB4ACA00B0C42C /* PBXContainerItemProxy */;
		};
		9A013D9723EB4ACA00B0C42C /* PBXTargetDependency */ = {
			isa = PBXTargetDependency;
			target = 9A013D7323EB4AC800B0C42C /* WeSplit */;
			targetProxy = 9A013D9623EB4ACA00B0C42C /* PBXContainerItemProxy */;
		};
/* End PBXTargetDependency section */

/* Begin PBXVariantGroup section */
		9A013D8223EB4ACA00B0C42C /* LaunchScreen.storyboard */ = {
			isa = PBXVariantGroup;
			children = (
				9A013D8323EB4ACA00B0C42C /* Base */,
			);
			name = LaunchScreen.storyboard;
			sourceTree = "<group>";
		};
/* End PBXVariantGroup section */

/* Begin XCBuildConfiguration section */
		9A013D9C23EB4ACA00B0C42C /* Debug */ = {
			isa = XCBuildConfiguration;
			buildSettings = {
				ALWAYS_SEARCH_USER_PATHS = NO;
				CLANG_ANALYZER_NONNULL = YES;
				CLANG_ANALYZER_NUMBER_OBJECT_CONVERSION = YES_AGGRESSIVE;
				CLANG_CXX_LANGUAGE_STANDARD = "gnu++14";
				CLANG_CXX_LIBRARY = "libc++";
				CLANG_ENABLE_MODULES = YES;
				CLANG_ENABLE_OBJC_ARC = YES;
				CLANG_ENABLE_OBJC_WEAK = YES;
				CLANG_WARN_BLOCK_CAPTURE_AUTORELEASING = YES;
				CLANG_WARN_BOOL_CONVERSION = YES;
				CLANG_WARN_COMMA = YES;
				CLANG_WARN_CONSTANT_CONVERSION = YES;
				CLANG_WARN_DEPRECATED_OBJC_IMPLEMENTATIONS = YES;
				CLANG_WARN_DIRECT_OBJC_ISA_USAGE = YES_ERROR;
				CLANG_WARN_DOCUMENTATION_COMMENTS = YES;
				CLANG_WARN_EMPTY_BODY = YES;
				CLANG_WARN_ENUM_CONVERSION = YES;
				CLANG_WARN_INFINITE_RECURSION = YES;
				CLANG_WARN_INT_CONVERSION = YES;
				CLANG_WARN_NON_LITERAL_NULL_CONVERSION = YES;
				CLANG_WARN_OBJC_IMPLICIT_RETAIN_SELF = YES;
				CLANG_WARN_OBJC_LITERAL_CONVERSION = YES;
				CLANG_WARN_OBJC_ROOT_CLASS = YES_ERROR;
				CLANG_WARN_RANGE_LOOP_ANALYSIS = YES;
				CLANG_WARN_STRICT_PROTOTYPES = YES;
				CLANG_WARN_SUSPICIOUS_MOVE = YES;
				CLANG_WARN_UNGUARDED_AVAILABILITY = YES_AGGRESSIVE;
				CLANG_WARN_UNREACHABLE_CODE = YES;
				CLANG_WARN__DUPLICATE_METHOD_MATCH = YES;
				COPY_PHASE_STRIP = NO;
				DEBUG_INFORMATION_FORMAT = dwarf;
				ENABLE_STRICT_OBJC_MSGSEND = YES;
				ENABLE_TESTABILITY = YES;
				GCC_C_LANGUAGE_STANDARD = gnu11;
				GCC_DYNAMIC_NO_PIC = NO;
				GCC_NO_COMMON_BLOCKS = YES;
				GCC_OPTIMIZATION_LEVEL = 0;
				GCC_PREPROCESSOR_DEFINITIONS = (
					"DEBUG=1",
					"$(inherited)",
				);
				GCC_WARN_64_TO_32_BIT_CONVERSION = YES;
				GCC_WARN_ABOUT_RETURN_TYPE = YES_ERROR;
				GCC_WARN_UNDECLARED_SELECTOR = YES;
				GCC_WARN_UNINITIALIZED_AUTOS = YES_AGGRESSIVE;
				GCC_WARN_UNUSED_FUNCTION = YES;
				GCC_WARN_UNUSED_VARIABLE = YES;
				IPHONEOS_DEPLOYMENT_TARGET = 13.2;
				MTL_ENABLE_DEBUG_INFO = INCLUDE_SOURCE;
				MTL_FAST_MATH = YES;
				ONLY_ACTIVE_ARCH = YES;
				SDKROOT = iphoneos;
				SWIFT_ACTIVE_COMPILATION_CONDITIONS = DEBUG;
				SWIFT_OPTIMIZATION_LEVEL = "-Onone";
			};
			name = Debug;
		};
		9A013D9D23EB4ACA00B0C42C /* Release */ = {
			isa = XCBuildConfiguration;
			buildSettings = {
				ALWAYS_SEARCH_USER_PATHS = NO;
				CLANG_ANALYZER_NONNULL = YES;
				CLANG_ANALYZER_NUMBER_OBJECT_CONVERSION = YES_AGGRESSIVE;
				CLANG_CXX_LANGUAGE_STANDARD = "gnu++14";
				CLANG_CXX_LIBRARY = "libc++";
				CLANG_ENABLE_MODULES = YES;
				CLANG_ENABLE_OBJC_ARC = YES;
				CLANG_ENABLE_OBJC_WEAK = YES;
				CLANG_WARN_BLOCK_CAPTURE_AUTORELEASING = YES;
				CLANG_WARN_BOOL_CONVERSION = YES;
				CLANG_WARN_COMMA = YES;
				CLANG_WARN_CONSTANT_CONVERSION = YES;
				CLANG_WARN_DEPRECATED_OBJC_IMPLEMENTATIONS = YES;
				CLANG_WARN_DIRECT_OBJC_ISA_USAGE = YES_ERROR;
				CLANG_WARN_DOCUMENTATION_COMMENTS = YES;
				CLANG_WARN_EMPTY_BODY = YES;
				CLANG_WARN_ENUM_CONVERSION = YES;
				CLANG_WARN_INFINITE_RECURSION = YES;
				CLANG_WARN_INT_CONVERSION = YES;
				CLANG_WARN_NON_LITERAL_NULL_CONVERSION = YES;
				CLANG_WARN_OBJC_IMPLICIT_RETAIN_SELF = YES;
				CLANG_WARN_OBJC_LITERAL_CONVERSION = YES;
				CLANG_WARN_OBJC_ROOT_CLASS = YES_ERROR;
				CLANG_WARN_RANGE_LOOP_ANALYSIS = YES;
				CLANG_WARN_STRICT_PROTOTYPES = YES;
				CLANG_WARN_SUSPICIOUS_MOVE = YES;
				CLANG_WARN_UNGUARDED_AVAILABILITY = YES_AGGRESSIVE;
				CLANG_WARN_UNREACHABLE_CODE = YES;
				CLANG_WARN__DUPLICATE_METHOD_MATCH = YES;
				COPY_PHASE_STRIP = NO;
				DEBUG_INFORMATION_FORMAT = "dwarf-with-dsym";
				ENABLE_NS_ASSERTIONS = NO;
				ENABLE_STRICT_OBJC_MSGSEND = YES;
				GCC_C_LANGUAGE_STANDARD = gnu11;
				GCC_NO_COMMON_BLOCKS = YES;
				GCC_WARN_64_TO_32_BIT_CONVERSION = YES;
				GCC_WARN_ABOUT_RETURN_TYPE = YES_ERROR;
				GCC_WARN_UNDECLARED_SELECTOR = YES;
				GCC_WARN_UNINITIALIZED_AUTOS = YES_AGGRESSIVE;
				GCC_WARN_UNUSED_FUNCTION = YES;
				GCC_WARN_UNUSED_VARIABLE = YES;
				IPHONEOS_DEPLOYMENT_TARGET = 13.2;
				MTL_ENABLE_DEBUG_INFO = NO;
				MTL_FAST_MATH = YES;
				SDKROOT = iphoneos;
				SWIFT_COMPILATION_MODE = wholemodule;
				SWIFT_OPTIMIZATION_LEVEL = "-O";
				VALIDATE_PRODUCT = YES;
			};
			name = Release;
		};
		9A013D9F23EB4ACA00B0C42C /* Debug */ = {
			isa = XCBuildConfiguration;
			buildSettings = {
				ASSETCATALOG_COMPILER_APPICON_NAME = AppIcon;
				CODE_SIGN_STYLE = Automatic;
				DEVELOPMENT_ASSET_PATHS = "\"WeSplit/Preview Content\"";
				DEVELOPMENT_TEAM = XSSCG977J6;
				ENABLE_PREVIEWS = YES;
				INFOPLIST_FILE = WeSplit/Info.plist;
				LD_RUNPATH_SEARCH_PATHS = (
					"$(inherited)",
					"@executable_path/Frameworks",
				);
				PRODUCT_BUNDLE_IDENTIFIER = meme.WeSplit;
				PRODUCT_NAME = "$(TARGET_NAME)";
				SWIFT_VERSION = 5.0;
				TARGETED_DEVICE_FAMILY = "1,2";
			};
			name = Debug;
		};
		9A013DA023EB4ACA00B0C42C /* Release */ = {
			isa = XCBuildConfiguration;
			buildSettings = {
				ASSETCATALOG_COMPILER_APPICON_NAME = AppIcon;
				CODE_SIGN_STYLE = Automatic;
				DEVELOPMENT_ASSET_PATHS = "\"WeSplit/Preview Content\"";
				DEVELOPMENT_TEAM = XSSCG977J6;
				ENABLE_PREVIEWS = YES;
				INFOPLIST_FILE = WeSplit/Info.plist;
				LD_RUNPATH_SEARCH_PATHS = (
					"$(inherited)",
					"@executable_path/Frameworks",
				);
				PRODUCT_BUNDLE_IDENTIFIER = meme.WeSplit;
				PRODUCT_NAME = "$(TARGET_NAME)";
				SWIFT_VERSION = 5.0;
				TARGETED_DEVICE_FAMILY = "1,2";
			};
			name = Release;
		};
		9A013DA223EB4ACA00B0C42C /* Debug */ = {
			isa = XCBuildConfiguration;
			buildSettings = {
				ALWAYS_EMBED_SWIFT_STANDARD_LIBRARIES = YES;
				BUNDLE_LOADER = "$(TEST_HOST)";
				CODE_SIGN_STYLE = Automatic;
				DEVELOPMENT_TEAM = XSSCG977J6;
				INFOPLIST_FILE = WeSplitTests/Info.plist;
				IPHONEOS_DEPLOYMENT_TARGET = 13.2;
				LD_RUNPATH_SEARCH_PATHS = (
					"$(inherited)",
					"@executable_path/Frameworks",
					"@loader_path/Frameworks",
				);
				PRODUCT_BUNDLE_IDENTIFIER = meme.WeSplitTests;
				PRODUCT_NAME = "$(TARGET_NAME)";
				SWIFT_VERSION = 5.0;
				TARGETED_DEVICE_FAMILY = "1,2";
				TEST_HOST = "$(BUILT_PRODUCTS_DIR)/WeSplit.app/WeSplit";
			};
			name = Debug;
		};
		9A013DA323EB4ACA00B0C42C /* Release */ = {
			isa = XCBuildConfiguration;
			buildSettings = {
				ALWAYS_EMBED_SWIFT_STANDARD_LIBRARIES = YES;
				BUNDLE_LOADER = "$(TEST_HOST)";
				CODE_SIGN_STYLE = Automatic;
				DEVELOPMENT_TEAM = XSSCG977J6;
				INFOPLIST_FILE = WeSplitTests/Info.plist;
				IPHONEOS_DEPLOYMENT_TARGET = 13.2;
				LD_RUNPATH_SEARCH_PATHS = (
					"$(inherited)",
					"@executable_path/Frameworks",
					"@loader_path/Frameworks",
				);
				PRODUCT_BUNDLE_IDENTIFIER = meme.WeSplitTests;
				PRODUCT_NAME = "$(TARGET_NAME)";
				SWIFT_VERSION = 5.0;
				TARGETED_DEVICE_FAMILY = "1,2";
				TEST_HOST = "$(BUILT_PRODUCTS_DIR)/WeSplit.app/WeSplit";
			};
			name = Release;
		};
		9A013DA523EB4ACA00B0C42C /* Debug */ = {
			isa = XCBuildConfiguration;
			buildSettings = {
				ALWAYS_EMBED_SWIFT_STANDARD_LIBRARIES = YES;
				CODE_SIGN_STYLE = Automatic;
				DEVELOPMENT_TEAM = XSSCG977J6;
				INFOPLIST_FILE = WeSplitUITests/Info.plist;
				LD_RUNPATH_SEARCH_PATHS = (
					"$(inherited)",
					"@executable_path/Frameworks",
					"@loader_path/Frameworks",
				);
				PRODUCT_BUNDLE_IDENTIFIER = meme.WeSplitUITests;
				PRODUCT_NAME = "$(TARGET_NAME)";
				SWIFT_VERSION = 5.0;
				TARGETED_DEVICE_FAMILY = "1,2";
				TEST_TARGET_NAME = WeSplit;
			};
			name = Debug;
		};
		9A013DA623EB4ACA00B0C42C /* Release */ = {
			isa = XCBuildConfiguration;
			buildSettings = {
				ALWAYS_EMBED_SWIFT_STANDARD_LIBRARIES = YES;
				CODE_SIGN_STYLE = Automatic;
				DEVELOPMENT_TEAM = XSSCG977J6;
				INFOPLIST_FILE = WeSplitUITests/Info.plist;
				LD_RUNPATH_SEARCH_PATHS = (
					"$(inherited)",
					"@executable_path/Frameworks",
					"@loader_path/Frameworks",
				);
				PRODUCT_BUNDLE_IDENTIFIER = meme.WeSplitUITests;
				PRODUCT_NAME = "$(TARGET_NAME)";
				SWIFT_VERSION = 5.0;
				TARGETED_DEVICE_FAMILY = "1,2";
				TEST_TARGET_NAME = WeSplit;
			};
			name = Release;
		};
/* End XCBuildConfiguration section */

/* Begin XCConfigurationList section */
		9A013D6F23EB4AC800B0C42C /* Build configuration list for PBXProject "WeSplit" */ = {
			isa = XCConfigurationList;
			buildConfigurations = (
				9A013D9C23EB4ACA00B0C42C /* Debug */,
				9A013D9D23EB4ACA00B0C42C /* Release */,
			);
			defaultConfigurationIsVisible = 0;
			defaultConfigurationName = Release;
		};
		9A013D9E23EB4ACA00B0C42C /* Build configuration list for PBXNativeTarget "WeSplit" */ = {
			isa = XCConfigurationList;
			buildConfigurations = (
				9A013D9F23EB4ACA00B0C42C /* Debug */,
				9A013DA023EB4ACA00B0C42C /* Release */,
			);
			defaultConfigurationIsVisible = 0;
			defaultConfigurationName = Release;
		};
		9A013DA123EB4ACA00B0C42C /* Build configuration list for PBXNativeTarget "WeSplitTests" */ = {
			isa = XCConfigurationList;
			buildConfigurations = (
				9A013DA223EB4ACA00B0C42C /* Debug */,
				9A013DA323EB4ACA00B0C42C /* Release */,
			);
			defaultConfigurationIsVisible = 0;
			defaultConfigurationName = Release;
		};
		9A013DA423EB4ACA00B0C42C /* Build configuration list for PBXNativeTarget "WeSplitUITests" */ = {
			isa = XCConfigurationList;
			buildConfigurations = (
				9A013DA523EB4ACA00B0C42C /* Debug */,
				9A013DA623EB4ACA00B0C42C /* Release */,
			);
			defaultConfigurationIsVisible = 0;
			defaultConfigurationName = Release;
		};
/* End XCConfigurationList section */
	};
	rootObject = 9A013D6C23EB4AC800B0C42C /* Project object */;
}
